
Microsoft Visual Studio Solution File, Format Version 12.00
# Visual Studio 14
VisualStudioVersion = 14.0.25123.0
MinimumVisualStudioVersion = 10.0.40219.1
Project("{FAE04EC0-301F-11D3-BF4B-00C04F79EFBC}") = "RockPaperScisors.API", "RockPaperScisors\RockPaperScisors.API.csproj", "{48AEB348-1D9C-4ADA-A74E-400500893DF7}"
EndProject
Project("{FAE04EC0-301F-11D3-BF4B-00C04F79EFBC}") = "RockPaperScisors.API.UnitTest", "RockPaperScisors.UnitTest\RockPaperScisors.API.UnitTest.csproj", "{7413B0E5-E661-4754-8FB3-8A2FF62AAA5E}"
EndProject
Project("{FAE04EC0-301F-11D3-BF4B-00C04F79EFBC}") = "RockPaperScisors.Impl.ServiceLibrary", "RockPaperScisors.Impl.ServiceLibrary\RockPaperScisors.Impl.ServiceLibrary.csproj", "{672B56FB-7EFE-475E-BC44-FBF7C546D7C2}"
EndProject
Project("{2150E333-8FDC-42A3-9474-1A3956D46DE8}") = "2-DistributedServices", "2-DistributedServices", "{B9F0139C-5A95-42B5-9782-3FBF01D7BF4E}"
EndProject
Project("{2150E333-8FDC-42A3-9474-1A3956D46DE8}") = "3-Application", "3-Application", "{EC8D8601-00BA-420A-AE61-5A992062F508}"
EndProject
Project("{FAE04EC0-301F-11D3-BF4B-00C04F79EFBC}") = "RockPaperScisors.Contracts.ServiceLibrary", "RockPaperScisors.Contracts.ServiceLibrary\RockPaperScisors.Contracts.ServiceLibrary.csproj", "{69764547-28A3-423F-B463-34A9D71B24AD}"
EndProject
Project("{2150E333-8FDC-42A3-9474-1A3956D46DE8}") = "1-Presentation", "1-Presentation", "{506EA8CA-2C7D-427F-A8E0-1EF10420216E}"
EndProject
Global
	GlobalSection(SolutionConfigurationPlatforms) = preSolution
		Debug|Any CPU = Debug|Any CPU
		Release|Any CPU = Release|Any CPU
	EndGlobalSection
	GlobalSection(ProjectConfigurationPlatforms) = postSolution
		{48AEB348-1D9C-4ADA-A74E-400500893DF7}.Debug|Any CPU.ActiveCfg = Debug|Any CPU
		{48AEB348-1D9C-4ADA-A74E-400500893DF7}.Debug|Any CPU.Build.0 = Debug|Any CPU
		{48AEB348-1D9C-4ADA-A74E-400500893DF7}.Release|Any CPU.ActiveCfg = Release|Any CPU
		{48AEB348-1D9C-4ADA-A74E-400500893DF7}.Release|Any CPU.Build.0 = Release|Any CPU
		{7413B0E5-E661-4754-8FB3-8A2FF62AAA5E}.Debug|Any CPU.ActiveCfg = Debug|Any CPU
		{7413B0E5-E661-4754-8FB3-8A2FF62AAA5E}.Debug|Any CPU.Build.0 = Debug|Any CPU
		{7413B0E5-E661-4754-8FB3-8A2FF62AAA5E}.Release|Any CPU.ActiveCfg = Release|Any CPU
		{7413B0E5-E661-4754-8FB3-8A2FF62AAA5E}.Release|Any CPU.Build.0 = Release|Any CPU
		{672B56FB-7EFE-475E-BC44-FBF7C546D7C2}.Debug|Any CPU.ActiveCfg = Debug|Any CPU
		{672B56FB-7EFE-475E-BC44-FBF7C546D7C2}.Debug|Any CPU.Build.0 = Debug|Any CPU
		{672B56FB-7EFE-475E-BC44-FBF7C546D7C2}.Release|Any CPU.ActiveCfg = Release|Any CPU
		{672B56FB-7EFE-475E-BC44-FBF7C546D7C2}.Release|Any CPU.Build.0 = Release|Any CPU
		{69764547-28A3-423F-B463-34A9D71B24AD}.Debug|Any CPU.ActiveCfg = Debug|Any CPU
		{69764547-28A3-423F-B463-34A9D71B24AD}.Debug|Any CPU.Build.0 = Debug|Any CPU
		{69764547-28A3-423F-B463-34A9D71B24AD}.Release|Any CPU.ActiveCfg = Release|Any CPU
		{69764547-28A3-423F-B463-34A9D71B24AD}.Release|Any CPU.Build.0 = Release|Any CPU
	EndGlobalSection
	GlobalSection(SolutionProperties) = preSolution
		HideSolutionNode = FALSE
	EndGlobalSection
	GlobalSection(NestedProjects) = preSolution
		{48AEB348-1D9C-4ADA-A74E-400500893DF7} = {B9F0139C-5A95-42B5-9782-3FBF01D7BF4E}
		{7413B0E5-E661-4754-8FB3-8A2FF62AAA5E} = {B9F0139C-5A95-42B5-9782-3FBF01D7BF4E}
		{672B56FB-7EFE-475E-BC44-FBF7C546D7C2} = {EC8D8601-00BA-420A-AE61-5A992062F508}
		{69764547-28A3-423F-B463-34A9D71B24AD} = {EC8D8601-00BA-420A-AE61-5A992062F508}
	EndGlobalSection
EndGlobal
